
Microsoft Visual Studio Solution File, Format Version 12.00
# Visual Studio Version 17
VisualStudioVersion = 17.2.32516.85
MinimumVisualStudioVersion = 10.0.40219.1
Project("{FAE04EC0-301F-11D3-BF4B-00C04F79EFBC}") = "eeghub", "eeghub\eeghub.csproj", "{31B57071-9E97-427A-B6F6-A7DA4D63E330}"
EndProject
Global
	GlobalSection(SolutionConfigurationPlatforms) = preSolution
		Debug|Any CPU = Debug|Any CPU
		Release|Any CPU = Release|Any CPU
	EndGlobalSection
	GlobalSection(ProjectConfigurationPlatforms) = postSolution
		{31B57071-9E97-427A-B6F6-A7DA4D63E330}.Debug|Any CPU.ActiveCfg = Debug|Any CPU
		{31B57071-9E97-427A-B6F6-A7DA4D63E330}.Debug|Any CPU.Build.0 = Debug|Any CPU
		{31B57071-9E97-427A-B6F6-A7DA4D63E330}.Release|Any CPU.ActiveCfg = Release|Any CPU
		{31B57071-9E97-427A-B6F6-A7DA4D63E330}.Release|Any CPU.Build.0 = Release|Any CPU
	EndGlobalSection
	GlobalSection(SolutionProperties) = preSolution
		HideSolutionNode = FALSE
	EndGlobalSection
	GlobalSection(ExtensibilityGlobals) = postSolution
		SolutionGuid = {EF0E9F1E-C3A9-4253-A166-DD43D30D36A6}
	EndGlobalSection
EndGlobal
